github.com/lib/pq v1.8.0 h1:9xohqzkUwzR4Ga4ivdTcawVS89YSDVxXMa3xJX3cGzg=
github.com/lib/pq v1.8.0/go.mod h1:AlVN5x4E4T544tWzH6hKfbfQvm3HdbOxrmggDNAPY9o=
github.com/mattn/go-sqlite3 v1.14.5 h1:1IdxlwTNazvbKJQSxoJ5/9ECbEeaTTyeU7sEAZ5KKTQ=
github.com/mattn/go-sqlite3 v1.14.5/go.mod h1:WVKg1VTActs4Qso6iwGbiFih2UIHo0ENGwNd0Lj+XmI=
github.com/pkg/errors v0.9.1 h1:FEBLx1zS214owpjy7qsBeixbURkuhQAwrK5UwLGTwt4=
github.com/pkg/errors v0.9.1/go.mod h1:bwawxfHBFNV+L2hUp1rHADufV3IMtnDRdf1r5NINEl0=
github.com/pressly/goose v2.6.0+incompatible h1:3f8zIQ8rfgP9tyI0Hmcs2YNAqUCL1c+diLe3iU8Qd/k=
github.com/pressly/goose v2.6.0+incompatible/go.mod h1:m+QHWCqxR3k8D9l7qfzuC/djtlfzxr34mozWDYEu1z8=
github.com/pressly/goose v2.7.0-rc4.0.20200419115850-2769ad7b550e+incompatible h1:17PWnuBQ0Rjt/f05FblaNcG1RGSzaYbeN9zUuky/9ew=
github.com/pressly/goose v2.7.0-rc4.0.20200419115850-2769ad7b550e+incompatible/go.mod h1:m+QHWCqxR3k8D9l7qfzuC/djtlfzxr34mozWDYEu1z8=
github.com/pressly/goose v2.7.0-rc5.0.20200914152530-0fbe41dcd4ff+incompatible h1:ZCaA8ogA/IbT2KQzBe5qW8sHsVmShJj/mSNFAMGXQUk=
github.com/pressly/goose v2.7.0-rc5.0.20200914152530-0fbe41dcd4ff+incompatible/go.mod h1:m+QHWCqxR3k8D9l7qfzuC/djtlfzxr34mozWDYEu1z8=
